
Microsoft Visual Studio Solution File, Format Version 12.00
# Visual Studio Version 17
VisualStudioVersion = 17.0.32014.148
MinimumVisualStudioVersion = 10.0.40219.1
Project("{2150E333-8FDC-42A3-9474-1A3956D46DE8}") = "Solution Items", "Solution Items", "{27C27ADA-3457-4998-95CB-A3DDAD622ADB}"
	ProjectSection(SolutionItems) = preProject
		.editorconfig = .editorconfig
	EndProjectSection
EndProject
Project("{D954291E-2A0B-460D-934E-DC6B0785DB48}") = "Wob_Common", "Wob_Common\Wob_Common.shproj", "{C2D09D20-E45B-434A-8E6E-16703A8B76DB}"
EndProject
Project("{9A19103F-16F7-4668-BE54-9A1E7A4F7556}") = "Wob__Test", "Wob__Test\Wob__Test.csproj", "{C89479E7-9C00-42F1-BE2F-B87D94B94523}"
EndProject
Project("{FAE04EC0-301F-11D3-BF4B-00C04F79EFBC}") = "WobMod", "WobMod\WobMod.csproj", "{98C7A513-0289-48BF-BCF0-129C214561D0}"
EndProject
Global
	GlobalSection(SolutionConfigurationPlatforms) = preSolution
		Debug|Any CPU = Debug|Any CPU
		Release|Any CPU = Release|Any CPU
	EndGlobalSection
	GlobalSection(ProjectConfigurationPlatforms) = postSolution
		{C89479E7-9C00-42F1-BE2F-B87D94B94523}.Debug|Any CPU.ActiveCfg = Debug|Any CPU
		{C89479E7-9C00-42F1-BE2F-B87D94B94523}.Debug|Any CPU.Build.0 = Debug|Any CPU
		{C89479E7-9C00-42F1-BE2F-B87D94B94523}.Release|Any CPU.ActiveCfg = Release|Any CPU
		{C89479E7-9C00-42F1-BE2F-B87D94B94523}.Release|Any CPU.Build.0 = Release|Any CPU
		{98C7A513-0289-48BF-BCF0-129C214561D0}.Debug|Any CPU.ActiveCfg = Debug|Any CPU
		{98C7A513-0289-48BF-BCF0-129C214561D0}.Debug|Any CPU.Build.0 = Debug|Any CPU
		{98C7A513-0289-48BF-BCF0-129C214561D0}.Release|Any CPU.ActiveCfg = Release|Any CPU
		{98C7A513-0289-48BF-BCF0-129C214561D0}.Release|Any CPU.Build.0 = Release|Any CPU
	EndGlobalSection
	GlobalSection(SolutionProperties) = preSolution
		HideSolutionNode = FALSE
	EndGlobalSection
	GlobalSection(ExtensibilityGlobals) = postSolution
		SolutionGuid = {D112DA6C-541F-4B4B-B7D4-32DDCC1C32D0}
	EndGlobalSection
	GlobalSection(SharedMSBuildProjectFiles) = preSolution
		Wob_Common\Wob_Common.projitems*{98c7a513-0289-48bf-bcf0-129c214561d0}*SharedItemsImports = 5
		Wob_Common\Wob_Common.projitems*{c2d09d20-e45b-434a-8e6e-16703a8b76db}*SharedItemsImports = 13
		Wob_Common\Wob_Common.projitems*{c89479e7-9c00-42f1-be2f-b87d94b94523}*SharedItemsImports = 5
	EndGlobalSection
EndGlobal
