
Microsoft Visual Studio Solution File, Format Version 12.00
# Visual Studio Version 17
VisualStudioVersion = 17.0.32014.148
MinimumVisualStudioVersion = 10.0.40219.1
Project("{9A19103F-16F7-4668-BE54-9A1E7A4F7556}") = "Wob_LabourCosts", "Wob_LabourCosts\Wob_LabourCosts.csproj", "{FF26ABA1-7F85-4AB9-A6B3-D5BFCD214679}"
EndProject
Project("{9A19103F-16F7-4668-BE54-9A1E7A4F7556}") = "Wob_HouseRules", "Wob_HouseRules\Wob_HouseRules.csproj", "{D98FEA97-0DD4-4FDB-8555-E7E9495D3DDF}"
EndProject
Project("{9A19103F-16F7-4668-BE54-9A1E7A4F7556}") = "Wob_UnlockSkillTree", "Wob_UnlockSkillTree\Wob_UnlockSkillTree.csproj", "{74CE4B26-CB25-4724-BEB8-BA3BAF9B9AFB}"
EndProject
Project("{9A19103F-16F7-4668-BE54-9A1E7A4F7556}") = "Wob_TraitGold", "Wob_TraitGold\Wob_TraitGold.csproj", "{FC441149-7F22-4447-9CFE-20DCFC1273F4}"
EndProject
Project("{2150E333-8FDC-42A3-9474-1A3956D46DE8}") = "Solution Items", "Solution Items", "{27C27ADA-3457-4998-95CB-A3DDAD622ADB}"
	ProjectSection(SolutionItems) = preProject
		.editorconfig = .editorconfig
	EndProjectSection
EndProject
Project("{9A19103F-16F7-4668-BE54-9A1E7A4F7556}") = "Wob_UpgradeStats", "Wob_UpgradeStats\Wob_UpgradeStats.csproj", "{05AE1E02-C22E-4065-AF11-BD327CC7086F}"
EndProject
Project("{D954291E-2A0B-460D-934E-DC6B0785DB48}") = "Wob_Common", "Wob_Common\Wob_Common.shproj", "{C2D09D20-E45B-434A-8E6E-16703A8B76DB}"
EndProject
Project("{9A19103F-16F7-4668-BE54-9A1E7A4F7556}") = "Wob_Accessibility", "Wob_Accessibility\Wob_Accessibility.csproj", "{1EEFB374-0D38-4DFD-A35B-F64D58ECA764}"
EndProject
Project("{9A19103F-16F7-4668-BE54-9A1E7A4F7556}") = "Wob_TraitBan", "Wob_TraitBan\Wob_TraitBan.csproj", "{02DC09FD-477F-4F12-AC33-EAEB42600A0C}"
EndProject
Project("{FAE04EC0-301F-11D3-BF4B-00C04F79EFBC}") = "Wob_SuperMagnet", "Wob_SuperMagnet\Wob_SuperMagnet.csproj", "{F97DA655-BDB7-4581-A008-7CE14F6F4DC4}"
EndProject
Project("{FAE04EC0-301F-11D3-BF4B-00C04F79EFBC}") = "Wob_TraitHPPenalties", "Wob_TraitNoHPPenalties\Wob_TraitHPPenalties.csproj", "{ACC17489-041E-4D45-8221-7BC774E21E88}"
EndProject
Global
	GlobalSection(SharedMSBuildProjectFiles) = preSolution
		Wob_Common\Wob_Common.projitems*{02dc09fd-477f-4f12-ac33-eaeb42600a0c}*SharedItemsImports = 5
		Wob_Common\Wob_Common.projitems*{05ae1e02-c22e-4065-af11-bd327cc7086f}*SharedItemsImports = 5
		Wob_Common\Wob_Common.projitems*{1eefb374-0d38-4dfd-a35b-f64d58eca764}*SharedItemsImports = 5
		Wob_Common\Wob_Common.projitems*{74ce4b26-cb25-4724-beb8-ba3baf9b9afb}*SharedItemsImports = 5
		Wob_Common\Wob_Common.projitems*{acc17489-041e-4d45-8221-7bc774e21e88}*SharedItemsImports = 5
		Wob_Common\Wob_Common.projitems*{c2d09d20-e45b-434a-8e6e-16703a8b76db}*SharedItemsImports = 13
		Wob_Common\Wob_Common.projitems*{d98fea97-0dd4-4fdb-8555-e7e9495d3ddf}*SharedItemsImports = 5
		Wob_Common\Wob_Common.projitems*{f97da655-bdb7-4581-a008-7ce14f6f4dc4}*SharedItemsImports = 5
		Wob_Common\Wob_Common.projitems*{fc441149-7f22-4447-9cfe-20dcfc1273f4}*SharedItemsImports = 5
		Wob_Common\Wob_Common.projitems*{ff26aba1-7f85-4ab9-a6b3-d5bfcd214679}*SharedItemsImports = 5
	EndGlobalSection
	GlobalSection(SolutionConfigurationPlatforms) = preSolution
		Debug|Any CPU = Debug|Any CPU
		Release|Any CPU = Release|Any CPU
	EndGlobalSection
	GlobalSection(ProjectConfigurationPlatforms) = postSolution
		{FF26ABA1-7F85-4AB9-A6B3-D5BFCD214679}.Debug|Any CPU.ActiveCfg = Debug|Any CPU
		{FF26ABA1-7F85-4AB9-A6B3-D5BFCD214679}.Debug|Any CPU.Build.0 = Debug|Any CPU
		{FF26ABA1-7F85-4AB9-A6B3-D5BFCD214679}.Release|Any CPU.ActiveCfg = Release|Any CPU
		{FF26ABA1-7F85-4AB9-A6B3-D5BFCD214679}.Release|Any CPU.Build.0 = Release|Any CPU
		{D98FEA97-0DD4-4FDB-8555-E7E9495D3DDF}.Debug|Any CPU.ActiveCfg = Debug|Any CPU
		{D98FEA97-0DD4-4FDB-8555-E7E9495D3DDF}.Debug|Any CPU.Build.0 = Debug|Any CPU
		{D98FEA97-0DD4-4FDB-8555-E7E9495D3DDF}.Release|Any CPU.ActiveCfg = Release|Any CPU
		{D98FEA97-0DD4-4FDB-8555-E7E9495D3DDF}.Release|Any CPU.Build.0 = Release|Any CPU
		{74CE4B26-CB25-4724-BEB8-BA3BAF9B9AFB}.Debug|Any CPU.ActiveCfg = Debug|Any CPU
		{74CE4B26-CB25-4724-BEB8-BA3BAF9B9AFB}.Debug|Any CPU.Build.0 = Debug|Any CPU
		{74CE4B26-CB25-4724-BEB8-BA3BAF9B9AFB}.Release|Any CPU.ActiveCfg = Release|Any CPU
		{74CE4B26-CB25-4724-BEB8-BA3BAF9B9AFB}.Release|Any CPU.Build.0 = Release|Any CPU
		{FC441149-7F22-4447-9CFE-20DCFC1273F4}.Debug|Any CPU.ActiveCfg = Debug|Any CPU
		{FC441149-7F22-4447-9CFE-20DCFC1273F4}.Debug|Any CPU.Build.0 = Debug|Any CPU
		{FC441149-7F22-4447-9CFE-20DCFC1273F4}.Release|Any CPU.ActiveCfg = Release|Any CPU
		{FC441149-7F22-4447-9CFE-20DCFC1273F4}.Release|Any CPU.Build.0 = Release|Any CPU
		{05AE1E02-C22E-4065-AF11-BD327CC7086F}.Debug|Any CPU.ActiveCfg = Debug|Any CPU
		{05AE1E02-C22E-4065-AF11-BD327CC7086F}.Debug|Any CPU.Build.0 = Debug|Any CPU
		{05AE1E02-C22E-4065-AF11-BD327CC7086F}.Release|Any CPU.ActiveCfg = Release|Any CPU
		{05AE1E02-C22E-4065-AF11-BD327CC7086F}.Release|Any CPU.Build.0 = Release|Any CPU
		{1EEFB374-0D38-4DFD-A35B-F64D58ECA764}.Debug|Any CPU.ActiveCfg = Debug|Any CPU
		{1EEFB374-0D38-4DFD-A35B-F64D58ECA764}.Debug|Any CPU.Build.0 = Debug|Any CPU
		{1EEFB374-0D38-4DFD-A35B-F64D58ECA764}.Release|Any CPU.ActiveCfg = Release|Any CPU
		{1EEFB374-0D38-4DFD-A35B-F64D58ECA764}.Release|Any CPU.Build.0 = Release|Any CPU
		{02DC09FD-477F-4F12-AC33-EAEB42600A0C}.Debug|Any CPU.ActiveCfg = Debug|Any CPU
		{02DC09FD-477F-4F12-AC33-EAEB42600A0C}.Debug|Any CPU.Build.0 = Debug|Any CPU
		{02DC09FD-477F-4F12-AC33-EAEB42600A0C}.Release|Any CPU.ActiveCfg = Release|Any CPU
		{02DC09FD-477F-4F12-AC33-EAEB42600A0C}.Release|Any CPU.Build.0 = Release|Any CPU
		{F97DA655-BDB7-4581-A008-7CE14F6F4DC4}.Debug|Any CPU.ActiveCfg = Debug|Any CPU
		{F97DA655-BDB7-4581-A008-7CE14F6F4DC4}.Debug|Any CPU.Build.0 = Debug|Any CPU
		{F97DA655-BDB7-4581-A008-7CE14F6F4DC4}.Release|Any CPU.ActiveCfg = Release|Any CPU
		{F97DA655-BDB7-4581-A008-7CE14F6F4DC4}.Release|Any CPU.Build.0 = Release|Any CPU
		{ACC17489-041E-4D45-8221-7BC774E21E88}.Debug|Any CPU.ActiveCfg = Debug|Any CPU
		{ACC17489-041E-4D45-8221-7BC774E21E88}.Debug|Any CPU.Build.0 = Debug|Any CPU
		{ACC17489-041E-4D45-8221-7BC774E21E88}.Release|Any CPU.ActiveCfg = Release|Any CPU
		{ACC17489-041E-4D45-8221-7BC774E21E88}.Release|Any CPU.Build.0 = Release|Any CPU
	EndGlobalSection
	GlobalSection(SolutionProperties) = preSolution
		HideSolutionNode = FALSE
	EndGlobalSection
	GlobalSection(ExtensibilityGlobals) = postSolution
		SolutionGuid = {D112DA6C-541F-4B4B-B7D4-32DDCC1C32D0}
	EndGlobalSection
EndGlobal
